PODS:
  - Flutter (1.0.0)
  - sample_plugin (0.0.1):
    - Flutter

DEPENDENCIES:
  - Flutter (from `Flutter`)
  - sample_plugin (from `.symlinks/plugins/sample_plugin/ios`)

EXTERNAL SOURCES:
  Flutter:
    :path: Flutter
  sample_plugin:
    :path: ".symlinks/plugins/sample_plugin/ios"

SPEC CHECKSUMS:
  Flutter: 0e3d915762c693b495b44d77113d4970485de6ec
  sample_plugin: 2eb90d9ea320ce508ac09d7f6b31464539df879c

PODFILE CHECKSUM: aafe91acc616949ddb318b77800a7f51bffa2a4c

COCOAPODS: 1.10.0
